
Microsoft Visual Studio Solution File, Format Version 12.00
Project("{F2A71F9B-5D33-465A-A702-920D77279786}") = "Workflow", "Workflow\Workflow.fsproj", "{9450B67E-1FF0-4CD2-9057-105B71C68449}"
EndProject
Project("{F2A71F9B-5D33-465A-A702-920D77279786}") = "TestWorkflow", "TestWorkflow\TestWorkflow.fsproj", "{50162689-0939-43E2-9100-1028FA8E7755}"
EndProject
Global
	GlobalSection(SolutionConfigurationPlatforms) = preSolution
		Debug|Any CPU = Debug|Any CPU
		Release|Any CPU = Release|Any CPU
	EndGlobalSection
	GlobalSection(ProjectConfigurationPlatforms) = postSolution
		{9450B67E-1FF0-4CD2-9057-105B71C68449}.Debug|Any CPU.ActiveCfg = Debug|Any CPU
		{9450B67E-1FF0-4CD2-9057-105B71C68449}.Debug|Any CPU.Build.0 = Debug|Any CPU
		{9450B67E-1FF0-4CD2-9057-105B71C68449}.Release|Any CPU.ActiveCfg = Release|Any CPU
		{9450B67E-1FF0-4CD2-9057-105B71C68449}.Release|Any CPU.Build.0 = Release|Any CPU
		{50162689-0939-43E2-9100-1028FA8E7755}.Debug|Any CPU.ActiveCfg = Debug|Any CPU
		{50162689-0939-43E2-9100-1028FA8E7755}.Debug|Any CPU.Build.0 = Debug|Any CPU
		{50162689-0939-43E2-9100-1028FA8E7755}.Release|Any CPU.ActiveCfg = Release|Any CPU
		{50162689-0939-43E2-9100-1028FA8E7755}.Release|Any CPU.Build.0 = Release|Any CPU
	EndGlobalSection
EndGlobal
