
Microsoft Visual Studio Solution File, Format Version 12.00
Project("{F2A71F9B-5D33-465A-A702-920D77279786}") = "MiniCrowler", "MiniCrowler\MiniCrowler.fsproj", "{F4C8BB4E-BFA4-49E1-AD44-B5EF602AF1B0}"
EndProject
Project("{F2A71F9B-5D33-465A-A702-920D77279786}") = "MiniCrowlerTest", "MiniCrowlerTest\MiniCrowlerTest.fsproj", "{2BC8F5B5-859C-4234-9F54-F0D6AE8F20AA}"
EndProject
Global
	GlobalSection(SolutionConfigurationPlatforms) = preSolution
		Debug|Any CPU = Debug|Any CPU
		Release|Any CPU = Release|Any CPU
	EndGlobalSection
	GlobalSection(ProjectConfigurationPlatforms) = postSolution
		{F4C8BB4E-BFA4-49E1-AD44-B5EF602AF1B0}.Debug|Any CPU.ActiveCfg = Debug|Any CPU
		{F4C8BB4E-BFA4-49E1-AD44-B5EF602AF1B0}.Debug|Any CPU.Build.0 = Debug|Any CPU
		{F4C8BB4E-BFA4-49E1-AD44-B5EF602AF1B0}.Release|Any CPU.ActiveCfg = Release|Any CPU
		{F4C8BB4E-BFA4-49E1-AD44-B5EF602AF1B0}.Release|Any CPU.Build.0 = Release|Any CPU
		{2BC8F5B5-859C-4234-9F54-F0D6AE8F20AA}.Debug|Any CPU.ActiveCfg = Debug|Any CPU
		{2BC8F5B5-859C-4234-9F54-F0D6AE8F20AA}.Debug|Any CPU.Build.0 = Debug|Any CPU
		{2BC8F5B5-859C-4234-9F54-F0D6AE8F20AA}.Release|Any CPU.ActiveCfg = Release|Any CPU
		{2BC8F5B5-859C-4234-9F54-F0D6AE8F20AA}.Release|Any CPU.Build.0 = Release|Any CPU
	EndGlobalSection
EndGlobal
